{
  "nodes": {
    "darwin": {
      "inputs": {
        "nixpkgs": [
          "nixpkgs"
        ]
      },
      "locked": {
        "lastModified": 1651916036,
        "narHash": "sha256-UuD9keUGm4IuVEV6wdSYbuRm7CwfXE63hVkzKDjVsh4=",
        "owner": "LnL7",
        "repo": "nix-darwin",
        "rev": "2f2bdf658d2b79bada78dc914af99c53cad37cba",
        "type": "github"
      },
      "original": {
        "owner": "LnL7",
        "repo": "nix-darwin",
        "type": "github"
      }
    },
    "emacs-overlay": {
      "inputs": {
        "flake-utils": "flake-utils",
        "nixpkgs": "nixpkgs"
      },
      "locked": {
        "lastModified": 1657564474,
        "narHash": "sha256-zDKZtQtQbM5ixoI2i4NDNOq0eMjDZt40HHLAsWeFp6g=",
        "owner": "nix-community",
        "repo": "emacs-overlay",
        "rev": "d66146093627b60ee245249adc75029abc49db13",
        "type": "github"
      },
      "original": {
        "owner": "nix-community",
        "repo": "emacs-overlay",
        "type": "github"
      }
    },
    "flake-compat": {
      "flake": false,
      "locked": {
        "lastModified": 1650374568,
        "narHash": "sha256-Z+s0J8/r907g149rllvwhb4pKi8Wam5ij0st8PwAh+E=",
        "owner": "edolstra",
        "repo": "flake-compat",
        "rev": "b4a34015c698c7793d592d66adbab377907a2be8",
        "type": "github"
      },
      "original": {
        "owner": "edolstra",
        "repo": "flake-compat",
        "type": "github"
      }
    },
    "flake-utils": {
      "locked": {
        "lastModified": 1656928814,
        "narHash": "sha256-RIFfgBuKz6Hp89yRr7+NR5tzIAbn52h8vT6vXkYjZoM=",
        "owner": "numtide",
        "repo": "flake-utils",
        "rev": "7e2a3b3dfd9af950a856d66b0a7d01e3c18aa249",
        "type": "github"
      },
      "original": {
        "owner": "numtide",
        "repo": "flake-utils",
        "type": "github"
      }
    },
    "flake-utils_2": {
      "locked": {
        "lastModified": 1656928814,
        "narHash": "sha256-RIFfgBuKz6Hp89yRr7+NR5tzIAbn52h8vT6vXkYjZoM=",
        "owner": "numtide",
        "repo": "flake-utils",
        "rev": "7e2a3b3dfd9af950a856d66b0a7d01e3c18aa249",
        "type": "github"
      },
      "original": {
        "owner": "numtide",
        "repo": "flake-utils",
        "type": "github"
      }
    },
    "home-manager": {
      "inputs": {
        "nixpkgs": [
          "nixpkgs"
        ],
        "utils": "utils"
      },
      "locked": {
        "lastModified": 1657396086,
        "narHash": "sha256-4cQ6hEuewWoFkTBlu211JGxPQQ1Zyli8oEq1cu7cVeA=",
        "owner": "nix-community",
        "repo": "home-manager",
        "rev": "c645cc9f82c7753450d1fa4d1bc73b64960a9d7a",
        "type": "github"
      },
      "original": {
        "owner": "nix-community",
        "repo": "home-manager",
        "type": "github"
      }
    },
    "nixos-stable": {
      "locked": {
        "lastModified": 1635350005,
        "narHash": "sha256-tAMJnUwfaDEB2aa31jGcu7R7bzGELM9noc91L2PbVjg=",
        "owner": "nixos",
        "repo": "nixpkgs",
        "rev": "1c1f5649bb9c1b0d98637c8c365228f57126f361",
        "type": "github"
      },
      "original": {
        "owner": "nixos",
        "ref": "nixos-20.09",
        "repo": "nixpkgs",
        "type": "github"
      }
    },
    "nixpkgs": {
      "locked": {
        "lastModified": 1657532632,
        "narHash": "sha256-uEwe1CAQxb0eOWIwxQ3zpMs/llshirlrCXZQz6vkYQU=",
        "owner": "NixOS",
        "repo": "nixpkgs",
        "rev": "85deee6d6c8127d360096a5caa0aeb876b976496",
        "type": "github"
      },
      "original": {
        "id": "nixpkgs",
        "type": "indirect"
      }
    },
    "nixpkgs-master": {
      "locked": {
        "lastModified": 1657569144,
        "narHash": "sha256-KrlWJRAWjiYEh+8CyuYLRf9OcS+dT4UCV3KgWqtW3yY=",
        "owner": "nixos",
        "repo": "nixpkgs",
        "rev": "20390cad8a470ba2fffe95524db0a308384f70c0",
        "type": "github"
      },
      "original": {
        "owner": "nixos",
        "ref": "master",
        "repo": "nixpkgs",
        "type": "github"
      }
    },
    "nixpkgs-silicon-darwin": {
      "locked": {
        "lastModified": 1657562476,
        "narHash": "sha256-qm0UN1RGwtiS6sd91zCEQN0pg7A/XCzYo8rDub1l9PM=",
        "owner": "nixos",
        "repo": "nixpkgs",
        "rev": "5f2ff17a45a2665b02d090c310b65e6d3981fb96",
        "type": "github"
      },
      "original": {
        "owner": "nixos",
        "ref": "staging-next",
        "repo": "nixpkgs",
        "type": "github"
      }
    },
    "nixpkgs-stable-darwin": {
      "locked": {
        "lastModified": 1651477912,
        "narHash": "sha256-YDFgJElf0ZL977+fo6ueQAmpb6lwrw1lzDlxLEINVXE=",
        "owner": "nixos",
        "repo": "nixpkgs",
        "rev": "66b0db71f463164486a36dded50bedee185e45c2",
        "type": "github"
      },
      "original": {
        "owner": "nixos",
        "ref": "nixpkgs-20.09-darwin",
        "repo": "nixpkgs",
        "type": "github"
      }
    },
    "nixpkgs_2": {
      "locked": {
        "lastModified": 1657447684,
        "narHash": "sha256-FCP9AuU1q6PE3vOeM5SFf58f/UKPBAsoSGDUGamNBbo=",
        "owner": "nixos",
        "repo": "nixpkgs",
        "rev": "5f43d8b088d3771274bcfb69d3c7435b1121ac88",
        "type": "github"
      },
      "original": {
        "owner": "nixos",
        "ref": "nixos-unstable",
        "repo": "nixpkgs",
        "type": "github"
      }
    },
    "root": {
      "inputs": {
        "darwin": "darwin",
        "emacs-overlay": "emacs-overlay",
        "flake-compat": "flake-compat",
        "flake-utils": "flake-utils_2",
        "home-manager": "home-manager",
        "nixos-stable": "nixos-stable",
        "nixpkgs": "nixpkgs_2",
        "nixpkgs-master": "nixpkgs-master",
        "nixpkgs-silicon-darwin": "nixpkgs-silicon-darwin",
        "nixpkgs-stable-darwin": "nixpkgs-stable-darwin",
        "spacemacs": "spacemacs"
      }
    },
    "spacemacs": {
      "flake": false,
      "locked": {
        "lastModified": 1656867945,
        "narHash": "sha256-dTnbjFuyQtc7MVquPjBDuYdfOkXOj3xW8HNjiqqBZEU=",
        "owner": "syl20bnr",
        "repo": "spacemacs",
        "rev": "42b6ff3f09021ab4b59dc1a75c1ff75301d90d7e",
        "type": "github"
      },
      "original": {
        "owner": "syl20bnr",
        "ref": "develop",
        "repo": "spacemacs",
        "type": "github"
      }
    },
    "utils": {
      "locked": {
        "lastModified": 1653893745,
        "narHash": "sha256-0jntwV3Z8//YwuOjzhV2sgJJPt+HY6KhU7VZUL0fKZQ=",
        "owner": "numtide",
        "repo": "flake-utils",
        "rev": "1ed9fb1935d260de5fe1c2f7ee0ebaae17ed2fa1",
        "type": "github"
      },
      "original": {
        "owner": "numtide",
        "repo": "flake-utils",
        "type": "github"
      }
    }
  },
  "root": "root",
  "version": 7
}
